
Microsoft Visual Studio Solution File, Format Version 12.00
# Visual Studio Version 16
VisualStudioVersion = 16.0.32002.261
MinimumVisualStudioVersion = 10.0.40219.1
Project("{FAE04EC0-301F-11D3-BF4B-00C04F79EFBC}") = "Task1", "Task1.csproj", "{9A37C9B1-E1FC-470F-9C03-80BEBC2C018F}"
EndProject
Project("{FAE04EC0-301F-11D3-BF4B-00C04F79EFBC}") = "Task2", "..\Task2\Task2.csproj", "{F0D286C3-5085-4266-98BD-A7711F8A2F93}"
EndProject
Project("{FAE04EC0-301F-11D3-BF4B-00C04F79EFBC}") = "Task3", "..\Task3\Task3.csproj", "{B0A9D501-1DEC-475C-8A13-052985E2BF87}"
EndProject
Global
	GlobalSection(SolutionConfigurationPlatforms) = preSolution
		Debug|Any CPU = Debug|Any CPU
		Release|Any CPU = Release|Any CPU
	EndGlobalSection
	GlobalSection(ProjectConfigurationPlatforms) = postSolution
		{9A37C9B1-E1FC-470F-9C03-80BEBC2C018F}.Debug|Any CPU.ActiveCfg = Debug|Any CPU
		{9A37C9B1-E1FC-470F-9C03-80BEBC2C018F}.Debug|Any CPU.Build.0 = Debug|Any CPU
		{9A37C9B1-E1FC-470F-9C03-80BEBC2C018F}.Release|Any CPU.ActiveCfg = Release|Any CPU
		{9A37C9B1-E1FC-470F-9C03-80BEBC2C018F}.Release|Any CPU.Build.0 = Release|Any CPU
		{F0D286C3-5085-4266-98BD-A7711F8A2F93}.Debug|Any CPU.ActiveCfg = Debug|Any CPU
		{F0D286C3-5085-4266-98BD-A7711F8A2F93}.Debug|Any CPU.Build.0 = Debug|Any CPU
		{F0D286C3-5085-4266-98BD-A7711F8A2F93}.Release|Any CPU.ActiveCfg = Release|Any CPU
		{F0D286C3-5085-4266-98BD-A7711F8A2F93}.Release|Any CPU.Build.0 = Release|Any CPU
		{B0A9D501-1DEC-475C-8A13-052985E2BF87}.Debug|Any CPU.ActiveCfg = Debug|Any CPU
		{B0A9D501-1DEC-475C-8A13-052985E2BF87}.Debug|Any CPU.Build.0 = Debug|Any CPU
		{B0A9D501-1DEC-475C-8A13-052985E2BF87}.Release|Any CPU.ActiveCfg = Release|Any CPU
		{B0A9D501-1DEC-475C-8A13-052985E2BF87}.Release|Any CPU.Build.0 = Release|Any CPU
	EndGlobalSection
	GlobalSection(SolutionProperties) = preSolution
		HideSolutionNode = FALSE
	EndGlobalSection
	GlobalSection(ExtensibilityGlobals) = postSolution
		SolutionGuid = {F0E605A1-EA6E-4B59-BC3C-BC77B75EA1AC}
	EndGlobalSection
EndGlobal
